{
  "version": "5",
  "specifiers": {
    "jsr:@deno/installer-shell-setup@*": "0.3.4"
  },
  "jsr": {
    "@deno/installer-shell-setup@0.3.4": {
      "integrity": "48665d1a737d487cce6874bc97bba70a5aeffa7053aca3f60df93c6fab8963b4"
    }
  },
  "workspace": {
    "packageJson": {
      "dependencies": [
        "npm:@supabase/supabase-js@^2.89.0",
        "npm:@types/react-dom@^18.2.17",
        "npm:@types/react@^18.2.43",
        "npm:@vitejs/plugin-react@^4.2.1",
        "npm:autoprefixer@^10.4.16",
        "npm:postcss@^8.4.32",
        "npm:react-dom@^18.2.0",
        "npm:react-router-dom@^7.11.0",
        "npm:react@^18.2.0",
        "npm:tailwindcss@^3.3.6",
        "npm:vite@^5.0.8"
      ]
    }
  }
}
